# This file is automatically @generated by Cargo.
# It is not intended for manual editing.
version = 4

[[package]]
name = "ab_glyph"
version = "0.2.32"
source = "registry+https://github.com/rust-lang/crates.io-index"
checksum = "01c0457472c38ea5bd1c3b5ada5e368271cb550be7a4ca4a0b4634e9913f6cc2"
dependencies = [
 "ab_glyph_rasterizer",
 "owned_ttf_parser",
]

[[package]]
name = "ab_glyph_rasterizer"
version = "0.1.10"
source = "registry+https://github.com/rust-lang/crates.io-index"
checksum = "366ffbaa4442f4684d91e2cd7c5ea7c4ed8add41959a31447066e279e432b618"

[[package]]
name = "accesskit"
version = "0.24.1"
source = "registry+https://github.com/rust-lang/crates.io-index"
checksum = "d3b7f7f85a7e5f68090000ed7622545829afd484d210358702ae4cb97dd0c320"
dependencies = [
 "uuid",
]

[[package]]
name = "accesskit_atspi_common"
version = "0.18.1"
source = "registry+https://github.com/rust-lang/crates.io-index"
checksum = "1e8c61bee90b42a772d39d06a740207dc71a4e780004ace1db8d99fb1baaa954"
dependencies = [
 "accesskit",
 "accesskit_consumer 0.36.0",
 "atspi-common",
 "phf",
 "serde",
 "zvariant",
]

[[package]]
name = "accesskit_consumer"
version = "0.35.0"
source = "registry+https://github.com/rust-lang/crates.io-index"
checksum = "53cf47daed85312e763fbf85ceca136e0d7abc68e0a7e12abe11f48172bc3b10"
dependencies = [
 "accesskit",
 "hashbrown 0.16.1",
]

[[package]]
name = "accesskit_consumer"
version = "0.36.0"
source = "registry+https://github.com/rust-lang/crates.io-index"
checksum = "25e0d7e25d06f4dc21d1774d67146e9e80d6789216cbd4d1e88185b0095dba60"
dependencies = [
 "accesskit",
 "hashbrown 0.16.1",
]

[[package]]
name = "accesskit_consumer"
version = "0.38.0"
source = "registry+https://github.com/rust-lang/crates.io-index"
checksum = "5d10a236f96f87d70732e44520046785431ef01d5bcd6b041317bfadd2f88245"
dependencies = [
 "accesskit",
 "hashbrown 0.16.1",
]

[[package]]
name = "accesskit_macos"
version = "0.26.3"
source = "registry+https://github.com/rust-lang/crates.io-index"
checksum = "ce02dc63b43f0c9296af9ac946312a2dc8814427d7a64d2d600971dac55b6076"
dependencies = [
 "accesskit",
 "accesskit_consumer 0.38.0",
 "hashbrown 0.16.1",
 "objc2 0.5.2",
 "objc2-app-kit 0.2.2",
 "objc2-foundation 0.2.2",
]

[[package]]
name = "accesskit_unix"
version = "0.21.1"
source = "registry+https://github.com/rust-lang/crates.io-index"
checksum = "b016ca8db0ea0ea2ceff29a9d6240391492d960716aa471967c00e8cc8cb197c"
dependencies = [
 "accesskit",
 "accesskit_atspi_common",
 "async-channel",
 "async-executor",
 "async-task",
 "atspi",
 "futures-lite",
 "futures-util",
 "serde",
 "zbus",
]

[[package]]
name = "accesskit_windows"
version = "0.32.1"
source = "registry+https://github.com/rust-lang/crates.io-index"
checksum = "eff7009f1a532e917d66970a1e80c965140c6cfbbabbdde3d64e5431e6c78e21"
dependencies = [
 "accesskit",
 "accesskit_consumer 0.35.0",
 "hashbrown 0.16.1",
 "static_assertions",
 "windows 0.62.2",
 "windows-core 0.62.2",
]

[[package]]
name = "accesskit_winit"
version = "0.32.2"
source = "registry+https://github.com/rust-lang/crates.io-index"
checksum = "1fe9a94394896352cc4660ca2288bd4ef883d83238853c038b44070c8f134313"
dependencies = [
 "accesskit",
 "accesskit_macos",
 "accesskit_unix",
 "accesskit_windows",
 "raw-window-handle",
 "winit",
]

[[package]]
name = "adler2"
version = "2.0.1"
source = "registry+https://github.com/rust-lang/crates.io-index"
checksum = "320119579fcad9c21884f5c4861d16174d0e06250625266f50fe6898340abefa"

[[package]]
name = "ahash"
version = "0.8.12"
source = "registry+https://github.com/rust-lang/crates.io-index"
checksum = "5a15f179cd60c4584b8a8c596927aadc462e27f2ca70c04e0071964a73ba7a75"
dependencies = [
 "cfg-if",
 "getrandom 0.3.4",
 "once_cell",
 "version_check",
 "zerocopy",
]

[[package]]
name = "aho-corasick"
version = "1.1.4"
source = "registry+https://github.com/rust-lang/crates.io-index"
checksum = "ddd31a130427c27518df266943a5308ed92d4b226cc639f5a8f1002816174301"
dependencies = [
 "memchr",
]

[[package]]
name = "alloca"
version = "0.4.0"
source = "registry+https://github.com/rust-lang/crates.io-index"
checksum = "e5a7d05ea6aea7e9e64d25b9156ba2fee3fdd659e34e41063cd2fc7cd020d7f4"
dependencies = [
 "cc",
]

[[package]]
name = "allocator-api2"
version = "0.2.21"
source = "registry+https://github.com/rust-lang/crates.io-index"
checksum = "683d7910e743518b0e34f1186f92494becacb047c7b6bf616c96772180fef923"

[[package]]
name = "android-activity"
version = "0.6.1"
source = "registry+https://github.com/rust-lang/crates.io-index"
checksum = "0f2a1bb052857d5dd49572219344a7332b31b76405648eabac5bc68978251bcd"
dependencies = [
 "android-properties",
 "bitflags 2.13.1",
 "cc",
 "jni",
 "libc",
 "log",
 "ndk",
 "ndk-context",
 "ndk-sys",
 "num_enum",
 "thiserror 2.0.18",
]

[[package]]
name = "android-properties"
version = "0.2.2"
source = "registry+https://github.com/rust-lang/crates.io-index"
checksum = "fc7eb209b1518d6bb87b283c20095f5228ecda460da70b44f0802523dea6da04"

[[package]]
name = "android_system_properties"
version = "0.1.5"
source = "registry+https://github.com/rust-lang/crates.io-index"
checksum = "819e7219dbd41043ac279b19830f2efc897156490d7fd6ea916720117ee66311"
dependencies = [
 "libc",
]

[[package]]
name = "anstream"
version = "0.6.21"
source = "registry+https://github.com/rust-lang/crates.io-index"
checksum = "1f54c5f4e51e66646f8c07bc16051fb1532a329699de2fad97191c22ed08be94"
dependencies = [
 "anstyle",
 "anstyle-parse",
 "anstyle-query",
 "anstyle-wincon",
 "colorchoice",
 "is_terminal_polyfill",
 "utf8parse",
]

[[package]]
name = "anstyle"
version = "1.0.14"
source = "registry+https://github.com/rust-lang/crates.io-index"
checksum = "0cf8e81fd5539fc6d7121e8f83b3ca1273ccbe3ef0931c936978d3f13e9b76e1"

[[package]]
name = "anstyle-parse"
version = "0.2.7"
source = "registry+https://github.com/rust-lang/crates.io-index"
checksum = "0ddd2fad5e3b5cb2a40be586e08e794c18b1ae1a25485b4c24fa94b74eb849ec"
dependencies = [
 "utf8parse",
]

[[package]]
name = "anstyle-query"
version = "1.1.5"
source = "registry+https://github.com/rust-lang/crates.io-index"
checksum = "8a64bd247ea6ce4f70d133a9f05dd2e1227a0cdc9de834a240a9ec0200407631"
dependencies = [
 "windows-sys 0.61.2",
]

[[package]]
name = "anstyle-wincon"
version = "3.0.12"
source = "registry+https://github.com/rust-lang/crates.io-index"
checksum = "096ce3de16aabcda6ab7a26b7d5ce8844b152f3a16f49794e9a4fec087bedfa6"
dependencies = [
 "anstyle",
 "windows-sys 0.61.2",
]

[[package]]
name = "anyhow"
version = "1.0.102"
source = "registry+https://github.com/rust-lang/crates.io-index"
checksum = "7b082e22ec4fe562caf4bb4c85a3eadbe320b7fd9b4ea8a5c9a5eda1ed35a56b"

[[package]]
name = "approx"
version = "0.5.1"
source = "registry+https://github.com/rust-lang/crates.io-index"
checksum = "cab112f0a86d568ea0e627cc1d6be74a1e9cd55214684db5561995f6dad897c6"
dependencies = [
 "num-traits",
]

[[package]]
name = "approx"
version = "0.6.0"
source = "registry+https://github.com/rust-lang/crates.io-index"
checksum = "c04152078562e70aa7ddf46f35de4bb389a38f931987070b6a2098b7bdd1d4e9"
dependencies = [
 "num-traits",
]

[[package]]
name = "arboard"
version = "3.6.1"
source = "registry+https://github.com/rust-lang/crates.io-index"
checksum = "713faca331e6bbc28c2ff3e272536a1e4a3d9a3fe239dfb1975b3570c66e46cd"
dependencies = [
 "clipboard-win",
 "core-graphics 0.24.0",
 "image 0.25.10",
 "log",
 "objc2 0.5.2",
 "objc2-app-kit 0.2.2",
 "objc2-foundation 0.2.2",
 "parking_lot",
 "windows-sys 0.61.2",
 "x11rb",
]

[[package]]
name = "array-init"
version = "2.1.0"
source = "registry+https://github.com/rust-lang/crates.io-index"
checksum = "3d62b7694a562cdf5a74227903507c56ab2cc8bdd1f781ed5eb4c0053a170103"

[[package]]
name = "arrayref"
version = "0.3.9"
source = "registry+https://github.com/rust-lang/crates.io-index"
checksum = "76a2e8124351fda1ef8aaaa3bbd7ebbcb486bbcd4225aca0aa0d84bb2db8fecb"

[[package]]
name = "arrayvec"
version = "0.7.6"
source = "registry+https://github.com/rust-lang/crates.io-index"
checksum = "7c02d123df017efcdfbd739ef81735b36c5ba83ec3c59c80a9d7ecc718f92e50"

[[package]]
name = "as-raw-xcb-connection"
version = "1.0.1"
source = "registry+https://github.com/rust-lang/crates.io-index"
checksum = "175571dd1d178ced59193a6fc02d5f6159729e208503c91c94948f5ec0faec04"
dependencies = [
 "libc",
]

[[package]]
name = "ash"
version = "0.39.1"
source = "registry+https://github.com/rust-lang/crates.io-index"
checksum = "222e0652f4a3ce6297fe3f38ea0fe84d82e8d1e45e89a72fd59826c166d71be8"
dependencies = [
 "libloading",
]

[[package]]
name = "async-broadcast"
version = "0.7.3"
source = "registry+https://github.com/rust-lang/crates.io-index"
checksum = "4cdbe0e91ed3b64152a4f27fd91f93edd6f2db48a0116c547bde94c5b8557130"
dependencies = [
 "event-listener",
 "event-listener-strategy",
 "futures-core",
 "pin-project-lite",
]

[[package]]
name = "async-channel"
version = "2.4.1"
source = "registry+https://github.com/rust-lang/crates.io-index"
checksum = "e9c698b000418cf0e446c7f0ba2d85ac67e261af0e79b88e5d24ce3fc9f40aee"
dependencies = [
 "concurrent-queue",
 "event-listener-strategy",
 "futures-core",
 "pin-project-lite",
]

[[package]]
name = "async-executor"
version = "1.13.2"
source = "registry+https://github.com/rust-lang/crates.io-index"
checksum = "cfbd6d664d0b21a81e7a4a9a2c4ac556b0e73c6e6b055a24520e0e08d396c5f4"
dependencies = [
 "async-task",
 "concurrent-queue",
 "fastrand",
 "futures-lite",
 "pin-project-lite",
 "slab",
]

[[package]]
name = "async-fs"
version = "2.1.3"
source = "registry+https://github.com/rust-lang/crates.io-index"
checksum = "e82ba1aa7ea7a705d60335ed577ae0360a4d7deef1858e7f3e97438681493a35"
dependencies = [
 "async-lock",
 "blocking",
 "futures-lite",
]

[[package]]
name = "async-io"
version = "2.4.2"
source = "registry+https://github.com/rust-lang/crates.io-index"
checksum = "3244758cef83d151ea7eb41ca7488c0852a6495cf4fe4e52c1d1e3d161db0f5d"
dependencies = [
 "async-lock",
 "cfg-if",
 "concurrent-queue",
 "futures-lite",
 "parking",
 "polling",
 "rustix 1.1.4",
 "slab",
 "tracing",
 "windows-sys 0.61.2",
]